
Microsoft Visual Studio Solution File, Format Version 12.00
# Visual Studio Version 17
VisualStudioVersion = 17.3.32929.385
MinimumVisualStudioVersion = 10.0.40219.1
Project("{FAE04EC0-301F-11D3-BF4B-00C04F79EFBC}") = "WpfNoteApp", "WpfNoteApp.csproj", "{2FDD4867-EAA9-4874-9DC0-592C0790F0FB}"
EndProject
Global
	GlobalSection(SolutionConfigurationPlatforms) = preSolution
		Debug|Any CPU = Debug|Any CPU
		Release|Any CPU = Release|Any CPU
	EndGlobalSection
	GlobalSection(ProjectConfigurationPlatforms) = postSolution
		{2FDD4867-EAA9-4874-9DC0-592C0790F0FB}.Debug|Any CPU.ActiveCfg = Debug|Any CPU
		{2FDD4867-EAA9-4874-9DC0-592C0790F0FB}.Debug|Any CPU.Build.0 = Debug|Any CPU
		{2FDD4867-EAA9-4874-9DC0-592C0790F0FB}.Release|Any CPU.ActiveCfg = Release|Any CPU
		{2FDD4867-EAA9-4874-9DC0-592C0790F0FB}.Release|Any CPU.Build.0 = Release|Any CPU
	EndGlobalSection
	GlobalSection(SolutionProperties) = preSolution
		HideSolutionNode = FALSE
	EndGlobalSection
	GlobalSection(ExtensibilityGlobals) = postSolution
		SolutionGuid = {BB0CA68E-808E-42A7-B010-AA308BEAFAD1}
	EndGlobalSection
EndGlobal
